
Microsoft Visual Studio Solution File, Format Version 12.00
# Visual Studio 2013
VisualStudioVersion = 12.0.21005.1
MinimumVisualStudioVersion = 10.0.40219.1
Project("{FAE04EC0-301F-11D3-BF4B-00C04F79EFBC}") = "SEPApplication3", "SEPApplication3\SEPApplication3.csproj", "{375ECE3D-DEBC-49DE-915E-B3BDF24761D4}"
EndProject
Project("{FAE04EC0-301F-11D3-BF4B-00C04F79EFBC}") = "SEPApplication3.Tests", "SEPApplication3.Tests\SEPApplication3.Tests.csproj", "{E77A8C5A-67AF-4BDB-B4AD-40E73D302FFE}"
EndProject
Global
	GlobalSection(SolutionConfigurationPlatforms) = preSolution
		Debug|Any CPU = Debug|Any CPU
		Release|Any CPU = Release|Any CPU
	EndGlobalSection
	GlobalSection(ProjectConfigurationPlatforms) = postSolution
		{375ECE3D-DEBC-49DE-915E-B3BDF24761D4}.Debug|Any CPU.ActiveCfg = Debug|Any CPU
		{375ECE3D-DEBC-49DE-915E-B3BDF24761D4}.Debug|Any CPU.Build.0 = Debug|Any CPU
		{375ECE3D-DEBC-49DE-915E-B3BDF24761D4}.Release|Any CPU.ActiveCfg = Release|Any CPU
		{375ECE3D-DEBC-49DE-915E-B3BDF24761D4}.Release|Any CPU.Build.0 = Release|Any CPU
		{E77A8C5A-67AF-4BDB-B4AD-40E73D302FFE}.Debug|Any CPU.ActiveCfg = Debug|Any CPU
		{E77A8C5A-67AF-4BDB-B4AD-40E73D302FFE}.Debug|Any CPU.Build.0 = Debug|Any CPU
		{E77A8C5A-67AF-4BDB-B4AD-40E73D302FFE}.Release|Any CPU.ActiveCfg = Release|Any CPU
		{E77A8C5A-67AF-4BDB-B4AD-40E73D302FFE}.Release|Any CPU.Build.0 = Release|Any CPU
	EndGlobalSection
	GlobalSection(SolutionProperties) = preSolution
		HideSolutionNode = FALSE
	EndGlobalSection
EndGlobal
